
Microsoft Visual Studio Solution File, Format Version 12.00
# Visual Studio Version 17
VisualStudioVersion = 17.13.35931.197
MinimumVisualStudioVersion = 10.0.40219.1
Project("{FAE04EC0-301F-11D3-BF4B-00C04F79EFBC}") = "Login", "Login.csproj", "{9F459E68-8984-48DB-9927-ED76279E6907}"
EndProject
Project("{FAE04EC0-301F-11D3-BF4B-00C04F79EFBC}") = "Register", "..\Register\Register.csproj", "{D6BFFF15-1FFF-4AA5-B911-2409635C99AE}"
EndProject
Global
	GlobalSection(SolutionConfigurationPlatforms) = preSolution
		Debug|Any CPU = Debug|Any CPU
		Release|Any CPU = Release|Any CPU
	EndGlobalSection
	GlobalSection(ProjectConfigurationPlatforms) = postSolution
		{9F459E68-8984-48DB-9927-ED76279E6907}.Debug|Any CPU.ActiveCfg = Debug|Any CPU
		{9F459E68-8984-48DB-9927-ED76279E6907}.Debug|Any CPU.Build.0 = Debug|Any CPU
		{9F459E68-8984-48DB-9927-ED76279E6907}.Release|Any CPU.ActiveCfg = Release|Any CPU
		{9F459E68-8984-48DB-9927-ED76279E6907}.Release|Any CPU.Build.0 = Release|Any CPU
		{D6BFFF15-1FFF-4AA5-B911-2409635C99AE}.Debug|Any CPU.ActiveCfg = Debug|Any CPU
		{D6BFFF15-1FFF-4AA5-B911-2409635C99AE}.Debug|Any CPU.Build.0 = Debug|Any CPU
		{D6BFFF15-1FFF-4AA5-B911-2409635C99AE}.Release|Any CPU.ActiveCfg = Release|Any CPU
		{D6BFFF15-1FFF-4AA5-B911-2409635C99AE}.Release|Any CPU.Build.0 = Release|Any CPU
	EndGlobalSection
	GlobalSection(SolutionProperties) = preSolution
		HideSolutionNode = FALSE
	EndGlobalSection
	GlobalSection(ExtensibilityGlobals) = postSolution
		SolutionGuid = {61C11414-9476-4AA1-9440-B96084E7432F}
	EndGlobalSection
EndGlobal
